uuid: 37ca41b4-4101-4f97-90a1-87d55b6f82c2
langcode: en
status: false
dependencies:
  module:
    - context
  theme:
    - ippl
id: slider_content_block
theme: ippl
region: breadcrumb
weight: -8
provider: null
plugin: 'block_content:f136f3da-571b-4a44-bc67-520c618e6923'
settings:
  id: 'block_content:f136f3da-571b-4a44-bc67-520c618e6923'
  label: slider_content_block
  label_display: '0'
  provider: block_content
  status: true
  info: ''
  view_mode: full
visibility:
  context:
    id: context
    negate: null
    values: ''
  context_all:
    id: context_all
    negate: null
    values: ''
  user_status:
    id: user_status
    negate: false
    context_mapping:
      user: '@user.current_user_context:current_user'
    user_status:
      viewing_profile: '0'
      logged_viewing_profile: '0'
      own_page_true: '0'
      field_value: '0'
    user_fields: uid
