uuid: 44531ee9-22d5-43d5-a551-0130402548c0
langcode: en
status: true
dependencies:
  content:
    - 'block_content:basic:b1af1c15-33cb-47e4-8575-ceb6fe14fef3'
  module:
    - block_content
    - context
  theme:
    - ippl
id: footer_social_menu_block
theme: ippl
region: footer_bottom
weight: 0
provider: null
plugin: 'block_content:b1af1c15-33cb-47e4-8575-ceb6fe14fef3'
settings:
  id: 'block_content:b1af1c15-33cb-47e4-8575-ceb6fe14fef3'
  label: footer_social_menu_block
  label_display: '0'
  provider: block_content
  status: true
  info: ''
  view_mode: full
visibility:
  context_all:
    id: context_all
    negate: null
    values: ''
  user_status:
    id: user_status
    negate: false
    context_mapping:
      user: '@user.current_user_context:current_user'
    user_status:
      viewing_profile: '0'
      logged_viewing_profile: '0'
      own_page_true: '0'
      field_value: '0'
    user_fields: uid
  context:
    id: context
    negate: null
    values: ''
